
Microsoft Visual Studio Solution File, Format Version 12.00
# Visual Studio Version 16
VisualStudioVersion = 16.0.31424.327
MinimumVisualStudioVersion = 10.0.40219.1
Project("{FAE04EC0-301F-11D3-BF4B-00C04F79EFBC}") = "CC P1", "CC P1.csproj", "{C9D9B765-CA5B-45F6-8084-009073283591}"
EndProject
Global
	GlobalSection(SolutionConfigurationPlatforms) = preSolution
		Debug|Any CPU = Debug|Any CPU
		Release|Any CPU = Release|Any CPU
	EndGlobalSection
	GlobalSection(ProjectConfigurationPlatforms) = postSolution
		{C9D9B765-CA5B-45F6-8084-009073283591}.Debug|Any CPU.ActiveCfg = Debug|Any CPU
		{C9D9B765-CA5B-45F6-8084-009073283591}.Debug|Any CPU.Build.0 = Debug|Any CPU
		{C9D9B765-CA5B-45F6-8084-009073283591}.Release|Any CPU.ActiveCfg = Release|Any CPU
		{C9D9B765-CA5B-45F6-8084-009073283591}.Release|Any CPU.Build.0 = Release|Any CPU
	EndGlobalSection
	GlobalSection(SolutionProperties) = preSolution
		HideSolutionNode = FALSE
	EndGlobalSection
	GlobalSection(ExtensibilityGlobals) = postSolution
		SolutionGuid = {0ADE5100-3B26-4F93-ABE1-C8ACE4CEB6BA}
	EndGlobalSection
EndGlobal
